PODS:
  - HelloWorld (1.0):
    - HelloWorld/Defualt (= 1.0)
  - HelloWorld/Defualt (1.0)

DEPENDENCIES:
  - HelloWorld (from `../HelloWorld.podspec`)

EXTERNAL SOURCES:
  HelloWorld:
    :path: "../HelloWorld.podspec"

SPEC CHECKSUMS:
  HelloWorld: bed1c6a8a0adbe20e90736ce125d69e99a2dca07

PODFILE CHECKSUM: d5c1e7fb9205cc412a8acb1fbd4e475d9314d811

COCOAPODS: 1.7.0
